
Microsoft Visual Studio Solution File, Format Version 12.00
# Visual Studio Version 17
VisualStudioVersion = 17.11.35222.181
MinimumVisualStudioVersion = 10.0.40219.1
Project("{FAE04EC0-301F-11D3-BF4B-00C04F79EFBC}") = "Lektion 4 API och Backend Aldors Exempel", "Lektion 4 API och Backend Aldors Exempel.csproj", "{ACB2B38F-A2CF-4304-A048-FE28AFE8F720}"
EndProject
Global
	GlobalSection(SolutionConfigurationPlatforms) = preSolution
		Debug|Any CPU = Debug|Any CPU
		Release|Any CPU = Release|Any CPU
	EndGlobalSection
	GlobalSection(ProjectConfigurationPlatforms) = postSolution
		{ACB2B38F-A2CF-4304-A048-FE28AFE8F720}.Debug|Any CPU.ActiveCfg = Debug|Any CPU
		{ACB2B38F-A2CF-4304-A048-FE28AFE8F720}.Debug|Any CPU.Build.0 = Debug|Any CPU
		{ACB2B38F-A2CF-4304-A048-FE28AFE8F720}.Release|Any CPU.ActiveCfg = Release|Any CPU
		{ACB2B38F-A2CF-4304-A048-FE28AFE8F720}.Release|Any CPU.Build.0 = Release|Any CPU
	EndGlobalSection
	GlobalSection(SolutionProperties) = preSolution
		HideSolutionNode = FALSE
	EndGlobalSection
	GlobalSection(ExtensibilityGlobals) = postSolution
		SolutionGuid = {1E9895A4-0D44-4A7C-BD54-B72105BE6F44}
	EndGlobalSection
EndGlobal
